// !$*UTF8*$!
{
	archiveVersion = 1;
	classes = {
	};
	objectVersion = 46;
	objects = {

/* Begin PBXBuildFile section */
		858BB3341CADD30E00D81CD0 /* main.m in Sources */ = {isa = PBXBuildFile; fileRef = 858BB3331CADD30E00D81CD0 /* main.m */; };
		858BB3371CADD30E00D81CD0 /* AppDelegate.m in Sources */ = {isa = PBXBuildFile; fileRef = 858BB3361CADD30E00D81CD0 /* AppDelegate.m */; };
		858BB33A1CADD30E00D81CD0 /* ViewController.m in Sources */ = {isa = PBXBuildFile; fileRef = 858BB3391CADD30E00D81CD0 /* ViewController.m */; };
		858BB33F1CADD30E00D81CD0 /* Assets.xcassets in Resources */ = {isa = PBXBuildFile; fileRef = 858BB33E1CADD30E00D81CD0 /* Assets.xcassets */; };
		858BB34D1CADD30E00D81CD0 /* BlocstagramTests.m in Sources */ = {isa = PBXBuildFile; fileRef = 858BB34C1CADD30E00D81CD0 /* BlocstagramTests.m */; };
		858BB3581CADD30E00D81CD0 /* BlocstagramUITests.m in Sources */ = {isa = PBXBuildFile; fileRef = 858BB3571CADD30E00D81CD0 /* BlocstagramUITests.m */; };
		858BB37C1CADD49200D81CD0 /* BLCImagesTableViewController.m in Sources */ = {isa = PBXBuildFile; fileRef = 858BB37B1CADD49200D81CD0 /* BLCImagesTableViewController.m */; };
		858E6A771CF3EEB800248355 /* BLCMediaFullScreenViewController.m in Sources */ = {isa = PBXBuildFile; fileRef = 858E6A761CF3EEB800248355 /* BLCMediaFullScreenViewController.m */; };
		858E6A7A1CF3F72700248355 /* BLCMediaFullScreenAnimator.m in Sources */ = {isa = PBXBuildFile; fileRef = 858E6A791CF3F72700248355 /* BLCMediaFullScreenAnimator.m */; };
		858E6A7D1CF4D21800248355 /* BLCShare.m in Sources */ = {isa = PBXBuildFile; fileRef = 858E6A7C1CF4D21800248355 /* BLCShare.m */; };
		85AEEE4B1CE7D0360047145E /* LaunchScreen.storyboard in Resources */ = {isa = PBXBuildFile; fileRef = 85AEEE4A1CE7D0360047145E /* LaunchScreen.storyboard */; };
		85AEEE661CE7D9960047145E /* BLCUser.m in Sources */ = {isa = PBXBuildFile; fileRef = 85AEEE651CE7D9960047145E /* BLCUser.m */; };
		85AEEE691CE803910047145E /* BLCMedia.m in Sources */ = {isa = PBXBuildFile; fileRef = 85AEEE681CE803910047145E /* BLCMedia.m */; };
		85AEEE6C1CE8049D0047145E /* BLCComment.m in Sources */ = {isa = PBXBuildFile; fileRef = 85AEEE6B1CE8049D0047145E /* BLCComment.m */; };
		85AEEE6F1CE805170047145E /* BLCDatasource.m in Sources */ = {isa = PBXBuildFile; fileRef = 85AEEE6E1CE805170047145E /* BLCDatasource.m */; };
		85AEEE721CE9849F0047145E /* BLCMediaTableViewCell.m in Sources */ = {isa = PBXBuildFile; fileRef = 85AEEE711CE9849F0047145E /* BLCMediaTableViewCell.m */; };
		85AEEE7E1CEA92B10047145E /* 1.jpg in Resources */ = {isa = PBXBuildFile; fileRef = 85AEEE741CEA92B10047145E /* 1.jpg */; };
		85AEEE7F1CEA92B10047145E /* 2.jpg in Resources */ = {isa = PBXBuildFile; fileRef = 85AEEE751CEA92B10047145E /* 2.jpg */; };
		85AEEE801CEA92B10047145E /* 3.jpg in Resources */ = {isa = PBXBuildFile; fileRef = 85AEEE761CEA92B10047145E /* 3.jpg */; };
		85AEEE811CEA92B10047145E /* 4.jpg in Resources */ = {isa = PBXBuildFile; fileRef = 85AEEE771CEA92B10047145E /* 4.jpg */; };
		85AEEE821CEA92B10047145E /* 5.jpg in Resources */ = {isa = PBXBuildFile; fileRef = 85AEEE781CEA92B10047145E /* 5.jpg */; };
		85AEEE831CEA92B10047145E /* 6.jpg in Resources */ = {isa = PBXBuildFile; fileRef = 85AEEE791CEA92B10047145E /* 6.jpg */; };
		85AEEE841CEA92B10047145E /* 7.jpg in Resources */ = {isa = PBXBuildFile; fileRef = 85AEEE7A1CEA92B10047145E /* 7.jpg */; };
		85AEEE851CEA92B10047145E /* 8.jpg in Resources */ = {isa = PBXBuildFile; fileRef = 85AEEE7B1CEA92B10047145E /* 8.jpg */; };
		85AEEE861CEA92B10047145E /* 9.jpg in Resources */ = {isa = PBXBuildFile; fileRef = 85AEEE7C1CEA92B10047145E /* 9.jpg */; };
		85AEEE871CEA92B10047145E /* 10.jpg in Resources */ = {isa = PBXBuildFile; fileRef = 85AEEE7D1CEA92B10047145E /* 10.jpg */; };
		85AEEE8A1CEBD0F10047145E /* BLCLoginViewController.m in Sources */ = {isa = PBXBuildFile; fileRef = 85AEEE891CEBD0F10047145E /* BLCLoginViewController.m */; };
		8B2E3B956BB645225179EDD0 /* libPods-Blocstagram.a in Frameworks */ = {isa = PBXBuildFile; fileRef = EC7282AD9AC85562C4706A7E /* libPods-Blocstagram.a */; };
/* End PBXBuildFile section */

/* Begin PBXContainerItemProxy section */
		858BB3491CADD30E00D81CD0 /* PBXContainerItemProxy */ = {
			isa = PBXContainerItemProxy;
			containerPortal = 858BB3271CADD30E00D81CD0 /* Project object */;
			proxyType = 1;
			remoteGlobalIDString = 858BB32E1CADD30E00D81CD0;
			remoteInfo = Blocstagram;
		};
		858BB3541CADD30E00D81CD0 /* PBXContainerItemProxy */ = {
			isa = PBXContainerItemProxy;
			containerPortal = 858BB3271CADD30E00D81CD0 /* Project object */;
			proxyType = 1;
			remoteGlobalIDString = 858BB32E1CADD30E00D81CD0;
			remoteInfo = Blocstagram;
		};
/* End PBXContainerItemProxy section */

/* Begin PBXFileReference section */
		858BB32F1CADD30E00D81CD0 /* Blocstagram.app */ = {isa = PBXFileReference; explicitFileType = wrapper.application; includeInIndex = 0; path = Blocstagram.app; sourceTree = BUILT_PRODUCTS_DIR; };
		858BB3331CADD30E00D81CD0 /* main.m */ = {isa = PBXFileReference; lastKnownFileType = sourcecode.c.objc; path = main.m; sourceTree = "<group>"; };
		858BB3351CADD30E00D81CD0 /* AppDelegate.h */ = {isa = PBXFileReference; lastKnownFileType = sourcecode.c.h; path = AppDelegate.h; sourceTree = "<group>"; };
		858BB3361CADD30E00D81CD0 /* AppDelegate.m */ = {isa = PBXFileReference; lastKnownFileType = sourcecode.c.objc; path = AppDelegate.m; sourceTree = "<group>"; };
		858BB3381CADD30E00D81CD0 /* ViewController.h */ = {isa = PBXFileReference; lastKnownFileType = sourcecode.c.h; path = ViewController.h; sourceTree = "<group>"; };
		858BB3391CADD30E00D81CD0 /* ViewController.m */ = {isa = PBXFileReference; lastKnownFileType = sourcecode.c.objc; path = ViewController.m; sourceTree = "<group>"; };
		858BB33E1CADD30E00D81CD0 /* Assets.xcassets */ = {isa = PBXFileReference; lastKnownFileType = folder.assetcatalog; path = Assets.xcassets; sourceTree = "<group>"; };
		858BB3431CADD30E00D81CD0 /* Info.plist */ = {isa = PBXFileReference; lastKnownFileType = text.plist.xml; path = Info.plist; sourceTree = "<group>"; };
		858BB3481CADD30E00D81CD0 /* BlocstagramTests.xctest */ = {isa = PBXFileReference; explicitFileType = wrapper.cfbundle; includeInIndex = 0; path = BlocstagramTests.xctest; sourceTree = BUILT_PRODUCTS_DIR; };
		858BB34C1CADD30E00D81CD0 /* BlocstagramTests.m */ = {isa = PBXFileReference; lastKnownFileType = sourcecode.c.objc; path = BlocstagramTests.m; sourceTree = "<group>"; };
		858BB34E1CADD30E00D81CD0 /* Info.plist */ = {isa = PBXFileReference; lastKnownFileType = text.plist.xml; path = Info.plist; sourceTree = "<group>"; };
		858BB3531CADD30E00D81CD0 /* BlocstagramUITests.xctest */ = {isa = PBXFileReference; explicitFileType = wrapper.cfbundle; includeInIndex = 0; path = BlocstagramUITests.xctest; sourceTree = BUILT_PRODUCTS_DIR; };
		858BB3571CADD30E00D81CD0 /* BlocstagramUITests.m */ = {isa = PBXFileReference; lastKnownFileType = sourcecode.c.objc; path = BlocstagramUITests.m; sourceTree = "<group>"; };
		858BB3591CADD30E00D81CD0 /* Info.plist */ = {isa = PBXFileReference; lastKnownFileType = text.plist.xml; path = Info.plist; sourceTree = "<group>"; };
		858BB37A1CADD49200D81CD0 /* BLCImagesTableViewController.h */ = {isa = PBXFileReference; fileEncoding = 4; lastKnownFileType = sourcecode.c.h; path = BLCImagesTableViewController.h; sourceTree = "<group>"; };
		858BB37B1CADD49200D81CD0 /* BLCImagesTableViewController.m */ = {isa = PBXFileReference; fileEncoding = 4; lastKnownFileType = sourcecode.c.objc; path = BLCImagesTableViewController.m; sourceTree = "<group>"; };
		858E6A751CF3EEB800248355 /* BLCMediaFullScreenViewController.h */ = {isa = PBXFileReference; fileEncoding = 4; lastKnownFileType = sourcecode.c.h; path = BLCMediaFullScreenViewController.h; sourceTree = "<group>"; };
		858E6A761CF3EEB800248355 /* BLCMediaFullScreenViewController.m */ = {isa = PBXFileReference; fileEncoding = 4; lastKnownFileType = sourcecode.c.objc; path = BLCMediaFullScreenViewController.m; sourceTree = "<group>"; };
		858E6A781CF3F72700248355 /* BLCMediaFullScreenAnimator.h */ = {isa = PBXFileReference; fileEncoding = 4; lastKnownFileType = sourcecode.c.h; path = BLCMediaFullScreenAnimator.h; sourceTree = "<group>"; };
		858E6A791CF3F72700248355 /* BLCMediaFullScreenAnimator.m */ = {isa = PBXFileReference; fileEncoding = 4; lastKnownFileType = sourcecode.c.objc; path = BLCMediaFullScreenAnimator.m; sourceTree = "<group>"; };
		858E6A7B1CF4D21800248355 /* BLCShare.h */ = {isa = PBXFileReference; fileEncoding = 4; lastKnownFileType = sourcecode.c.h; path = BLCShare.h; sourceTree = "<group>"; };
		858E6A7C1CF4D21800248355 /* BLCShare.m */ = {isa = PBXFileReference; fileEncoding = 4; lastKnownFileType = sourcecode.c.objc; path = BLCShare.m; sourceTree = "<group>"; };
		85AEEE4A1CE7D0360047145E /* LaunchScreen.storyboard */ = {isa = PBXFileReference; fileEncoding = 4; lastKnownFileType = file.storyboard; path = LaunchScreen.storyboard; sourceTree = "<group>"; };
		85AEEE641CE7D9960047145E /* BLCUser.h */ = {isa = PBXFileReference; fileEncoding = 4; lastKnownFileType = sourcecode.c.h; path = BLCUser.h; sourceTree = "<group>"; };
		85AEEE651CE7D9960047145E /* BLCUser.m */ = {isa = PBXFileReference; fileEncoding = 4; lastKnownFileType = sourcecode.c.objc; path = BLCUser.m; sourceTree = "<group>"; };
		85AEEE671CE803910047145E /* BLCMedia.h */ = {isa = PBXFileReference; fileEncoding = 4; lastKnownFileType = sourcecode.c.h; path = BLCMedia.h; sourceTree = "<group>"; };
		85AEEE681CE803910047145E /* BLCMedia.m */ = {isa = PBXFileReference; fileEncoding = 4; lastKnownFileType = sourcecode.c.objc; path = BLCMedia.m; sourceTree = "<group>"; };
		85AEEE6A1CE8049D0047145E /* BLCComment.h */ = {isa = PBXFileReference; fileEncoding = 4; lastKnownFileType = sourcecode.c.h; path = BLCComment.h; sourceTree = "<group>"; };
		85AEEE6B1CE8049D0047145E /* BLCComment.m */ = {isa = PBXFileReference; fileEncoding = 4; lastKnownFileType = sourcecode.c.objc; path = BLCComment.m; sourceTree = "<group>"; };
		85AEEE6D1CE805170047145E /* BLCDatasource.h */ = {isa = PBXFileReference; fileEncoding = 4; lastKnownFileType = sourcecode.c.h; path = BLCDatasource.h; sourceTree = "<group>"; };
		85AEEE6E1CE805170047145E /* BLCDatasource.m */ = {isa = PBXFileReference; fileEncoding = 4; lastKnownFileType = sourcecode.c.objc; path = BLCDatasource.m; sourceTree = "<group>"; };
		85AEEE701CE9849F0047145E /* BLCMediaTableViewCell.h */ = {isa = PBXFileReference; fileEncoding = 4; lastKnownFileType = sourcecode.c.h; path = BLCMediaTableViewCell.h; sourceTree = "<group>"; };
		85AEEE711CE9849F0047145E /* BLCMediaTableViewCell.m */ = {isa = PBXFileReference; fileEncoding = 4; lastKnownFileType = sourcecode.c.objc; path = BLCMediaTableViewCell.m; sourceTree = "<group>"; };
		85AEEE741CEA92B10047145E /* 1.jpg */ = {isa = PBXFileReference; lastKnownFileType = image.jpeg; path = 1.jpg; sourceTree = "<group>"; };
		85AEEE751CEA92B10047145E /* 2.jpg */ = {isa = PBXFileReference; lastKnownFileType = image.jpeg; path = 2.jpg; sourceTree = "<group>"; };
		85AEEE761CEA92B10047145E /* 3.jpg */ = {isa = PBXFileReference; lastKnownFileType = image.jpeg; path = 3.jpg; sourceTree = "<group>"; };
		85AEEE771CEA92B10047145E /* 4.jpg */ = {isa = PBXFileReference; lastKnownFileType = image.jpeg; path = 4.jpg; sourceTree = "<group>"; };
		85AEEE781CEA92B10047145E /* 5.jpg */ = {isa = PBXFileReference; lastKnownFileType = image.jpeg; path = 5.jpg; sourceTree = "<group>"; };
		85AEEE791CEA92B10047145E /* 6.jpg */ = {isa = PBXFileReference; lastKnownFileType = image.jpeg; path = 6.jpg; sourceTree = "<group>"; };
		85AEEE7A1CEA92B10047145E /* 7.jpg */ = {isa = PBXFileReference; lastKnownFileType = image.jpeg; path = 7.jpg; sourceTree = "<group>"; };
		85AEEE7B1CEA92B10047145E /* 8.jpg */ = {isa = PBXFileReference; lastKnownFileType = image.jpeg; path = 8.jpg; sourceTree = "<group>"; };
		85AEEE7C1CEA92B10047145E /* 9.jpg */ = {isa = PBXFileReference; lastKnownFileType = image.jpeg; path = 9.jpg; sourceTree = "<group>"; };
		85AEEE7D1CEA92B10047145E /* 10.jpg */ = {isa = PBXFileReference; lastKnownFileType = image.jpeg; path = 10.jpg; sourceTree = "<group>"; };
		85AEEE881CEBD0F10047145E /* BLCLoginViewController.h */ = {isa = PBXFileReference; fileEncoding = 4; lastKnownFileType = sourcecode.c.h; path = BLCLoginViewController.h; sourceTree = "<group>"; };
		85AEEE891CEBD0F10047145E /* BLCLoginViewController.m */ = {isa = PBXFileReference; fileEncoding = 4; lastKnownFileType = sourcecode.c.objc; path = BLCLoginViewController.m; sourceTree = "<group>"; };
		8CF9BDC37EDBD8EB738E324D /* Pods-Blocstagram.debug.xcconfig */ = {isa = PBXFileReference; includeInIndex = 1; lastKnownFileType = text.xcconfig; name = "Pods-Blocstagram.debug.xcconfig"; path = "Pods/Target Support Files/Pods-Blocstagram/Pods-Blocstagram.debug.xcconfig"; sourceTree = "<group>"; };
		EC7282AD9AC85562C4706A7E /* libPods-Blocstagram.a */ = {isa = PBXFileReference; explicitFileType = archive.ar; includeInIndex = 0; path = "libPods-Blocstagram.a"; sourceTree = BUILT_PRODUCTS_DIR; };
		FE9496BC1A09030CC011F67D /* Pods-Blocstagram.release.xcconfig */ = {isa = PBXFileReference; includeInIndex = 1; lastKnownFileType = text.xcconfig; name = "Pods-Blocstagram.release.xcconfig"; path = "Pods/Target Support Files/Pods-Blocstagram/Pods-Blocstagram.release.xcconfig"; sourceTree = "<group>"; };
/* End PBXFileReference section */

/* Begin PBXFrameworksBuildPhase section */
		858BB32C1CADD30E00D81CD0 /* Frameworks */ = {
			isa = PBXFrameworksBuildPhase;
			buildActionMask = 2147483647;
			files = (
				8B2E3B956BB645225179EDD0 /* libPods-Blocstagram.a in Frameworks */,
			);
			runOnlyForDeploymentPostprocessing = 0;
		};
		858BB3451CADD30E00D81CD0 /* Frameworks */ = {
			isa = PBXFrameworksBuildPhase;
			buildActionMask = 2147483647;
			files = (
			);
			runOnlyForDeploymentPostprocessing = 0;
		};
		858BB3501CADD30E00D81CD0 /* Frameworks */ = {
			isa = PBXFrameworksBuildPhase;
			buildActionMask = 2147483647;
			files = (
			);
			runOnlyForDeploymentPostprocessing = 0;
		};
/* End PBXFrameworksBuildPhase section */

/* Begin PBXGroup section */
		37DC67CE1079E512C313AFFF /* Pods */ = {
			isa = PBXGroup;
			children = (
				8CF9BDC37EDBD8EB738E324D /* Pods-Blocstagram.debug.xcconfig */,
				FE9496BC1A09030CC011F67D /* Pods-Blocstagram.release.xcconfig */,
			);
			name = Pods;
			sourceTree = "<group>";
		};
		858BB3261CADD30E00D81CD0 = {
			isa = PBXGroup;
			children = (
				858BB3311CADD30E00D81CD0 /* Blocstagram */,
				858BB34B1CADD30E00D81CD0 /* BlocstagramTests */,
				858BB3561CADD30E00D81CD0 /* BlocstagramUITests */,
				858BB3301CADD30E00D81CD0 /* Products */,
				37DC67CE1079E512C313AFFF /* Pods */,
				C105871FCE0B80CFDADBC7D0 /* Frameworks */,
			);
			sourceTree = "<group>";
		};
		858BB3301CADD30E00D81CD0 /* Products */ = {
			isa = PBXGroup;
			children = (
				858BB32F1CADD30E00D81CD0 /* Blocstagram.app */,
				858BB3481CADD30E00D81CD0 /* BlocstagramTests.xctest */,
				858BB3531CADD30E00D81CD0 /* BlocstagramUITests.xctest */,
			);
			name = Products;
			sourceTree = "<group>";
		};
		858BB3311CADD30E00D81CD0 /* Blocstagram */ = {
			isa = PBXGroup;
			children = (
				85AEEE731CEA92830047145E /* Images */,
				858BB3351CADD30E00D81CD0 /* AppDelegate.h */,
				858BB3361CADD30E00D81CD0 /* AppDelegate.m */,
				858BB37A1CADD49200D81CD0 /* BLCImagesTableViewController.h */,
				858BB37B1CADD49200D81CD0 /* BLCImagesTableViewController.m */,
				858E6A781CF3F72700248355 /* BLCMediaFullScreenAnimator.h */,
				858E6A791CF3F72700248355 /* BLCMediaFullScreenAnimator.m */,
				858BB3381CADD30E00D81CD0 /* ViewController.h */,
				858BB3391CADD30E00D81CD0 /* ViewController.m */,
				858BB33E1CADD30E00D81CD0 /* Assets.xcassets */,
				858BB3431CADD30E00D81CD0 /* Info.plist */,
				858BB3321CADD30E00D81CD0 /* Supporting Files */,
				85AEEE4A1CE7D0360047145E /* LaunchScreen.storyboard */,
				85AEEE671CE803910047145E /* BLCMedia.h */,
				85AEEE681CE803910047145E /* BLCMedia.m */,
				85AEEE6A1CE8049D0047145E /* BLCComment.h */,
				85AEEE6B1CE8049D0047145E /* BLCComment.m */,
				85AEEE6D1CE805170047145E /* BLCDatasource.h */,
				85AEEE6E1CE805170047145E /* BLCDatasource.m */,
				85AEEE881CEBD0F10047145E /* BLCLoginViewController.h */,
				85AEEE891CEBD0F10047145E /* BLCLoginViewController.m */,
				85AEEE701CE9849F0047145E /* BLCMediaTableViewCell.h */,
				85AEEE711CE9849F0047145E /* BLCMediaTableViewCell.m */,
				858E6A7B1CF4D21800248355 /* BLCShare.h */,
				858E6A7C1CF4D21800248355 /* BLCShare.m */,
				858E6A751CF3EEB800248355 /* BLCMediaFullScreenViewController.h */,
				858E6A761CF3EEB800248355 /* BLCMediaFullScreenViewController.m */,
				85AEEE641CE7D9960047145E /* BLCUser.h */,
				85AEEE651CE7D9960047145E /* BLCUser.m */,
			);
			path = Blocstagram;
			sourceTree = "<group>";
		};
		858BB3321CADD30E00D81CD0 /* Supporting Files */ = {
			isa = PBXGroup;
			children = (
				858BB3331CADD30E00D81CD0 /* main.m */,
			);
			name = "Supporting Files";
			sourceTree = "<group>";
		};
		858BB34B1CADD30E00D81CD0 /* BlocstagramTests */ = {
			isa = PBXGroup;
			children = (
				858BB34C1CADD30E00D81CD0 /* BlocstagramTests.m */,
				858BB34E1CADD30E00D81CD0 /* Info.plist */,
			);
			path = BlocstagramTests;
			sourceTree = "<group>";
		};
		858BB3561CADD30E00D81CD0 /* BlocstagramUITests */ = {
			isa = PBXGroup;
			children = (
				858BB3571CADD30E00D81CD0 /* BlocstagramUITests.m */,
				858BB3591CADD30E00D81CD0 /* Info.plist */,
			);
			path = BlocstagramUITests;
			sourceTree = "<group>";
		};
		85AEEE731CEA92830047145E /* Images */ = {
			isa = PBXGroup;
			children = (
				85AEEE741CEA92B10047145E /* 1.jpg */,
				85AEEE751CEA92B10047145E /* 2.jpg */,
				85AEEE761CEA92B10047145E /* 3.jpg */,
				85AEEE771CEA92B10047145E /* 4.jpg */,
				85AEEE781CEA92B10047145E /* 5.jpg */,
				85AEEE791CEA92B10047145E /* 6.jpg */,
				85AEEE7A1CEA92B10047145E /* 7.jpg */,
				85AEEE7B1CEA92B10047145E /* 8.jpg */,
				85AEEE7C1CEA92B10047145E /* 9.jpg */,
				85AEEE7D1CEA92B10047145E /* 10.jpg */,
			);
			name = Images;
			sourceTree = "<group>";
		};
		C105871FCE0B80CFDADBC7D0 /* Frameworks */ = {
			isa = PBXGroup;
			children = (
				EC7282AD9AC85562C4706A7E /* libPods-Blocstagram.a */,
			);
			name = Frameworks;
			sourceTree = "<group>";
		};
/* End PBXGroup section */

/* Begin PBXNativeTarget section */
		858BB32E1CADD30E00D81CD0 /* Blocstagram */ = {
			isa = PBXNativeTarget;
			buildConfigurationList = 858BB35C1CADD30E00D81CD0 /* Build configuration list for PBXNativeTarget "Blocstagram" */;
			buildPhases = (
				970D268D303B5C9612D0A137 /* 📦 Check Pods Manifest.lock */,
				858BB32B1CADD30E00D81CD0 /* Sources */,
				858BB32C1CADD30E00D81CD0 /* Frameworks */,
				858BB32D1CADD30E00D81CD0 /* Resources */,
				8024587315F2EEBB835F204D /* 📦 Embed Pods Frameworks */,
				D9BB08123DEBAE4F5436B73F /* 📦 Copy Pods Resources */,
			);
			buildRules = (
			);
			dependencies = (
			);
			name = Blocstagram;
			productName = Blocstagram;
			productReference = 858BB32F1CADD30E00D81CD0 /* Blocstagram.app */;
			productType = "com.apple.product-type.application";
		};
		858BB3471CADD30E00D81CD0 /* BlocstagramTests */ = {
			isa = PBXNativeTarget;
			buildConfigurationList = 858BB35F1CADD30E00D81CD0 /* Build configuration list for PBXNativeTarget "BlocstagramTests" */;
			buildPhases = (
				858BB3441CADD30E00D81CD0 /* Sources */,
				858BB3451CADD30E00D81CD0 /* Frameworks */,
				858BB3461CADD30E00D81CD0 /* Resources */,
			);
			buildRules = (
			);
			dependencies = (
				858BB34A1CADD30E00D81CD0 /* PBXTargetDependency */,
			);
			name = BlocstagramTests;
			productName = BlocstagramTests;
			productReference = 858BB3481CADD30E00D81CD0 /* BlocstagramTests.xctest */;
			productType = "com.apple.product-type.bundle.unit-test";
		};
		858BB3521CADD30E00D81CD0 /* BlocstagramUITests */ = {
			isa = PBXNativeTarget;
			buildConfigurationList = 858BB3621CADD30E00D81CD0 /* Build configuration list for PBXNativeTarget "BlocstagramUITests" */;
			buildPhases = (
				858BB34F1CADD30E00D81CD0 /* Sources */,
				858BB3501CADD30E00D81CD0 /* Frameworks */,
				858BB3511CADD30E00D81CD0 /* Resources */,
			);
			buildRules = (
			);
			dependencies = (
				858BB3551CADD30E00D81CD0 /* PBXTargetDependency */,
			);
			name = BlocstagramUITests;
			productName = BlocstagramUITests;
			productReference = 858BB3531CADD30E00D81CD0 /* BlocstagramUITests.xctest */;
			productType = "com.apple.product-type.bundle.ui-testing";
		};
/* End PBXNativeTarget section */

/* Begin PBXProject section */
		858BB3271CADD30E00D81CD0 /* Project object */ = {
			isa = PBXProject;
			attributes = {
				LastUpgradeCheck = 0730;
				ORGANIZATIONNAME = "Scott Halford";
				TargetAttributes = {
					858BB32E1CADD30E00D81CD0 = {
						CreatedOnToolsVersion = 7.3;
					};
					858BB3471CADD30E00D81CD0 = {
						CreatedOnToolsVersion = 7.3;
						TestTargetID = 858BB32E1CADD30E00D81CD0;
					};
					858BB3521CADD30E00D81CD0 = {
						CreatedOnToolsVersion = 7.3;
						TestTargetID = 858BB32E1CADD30E00D81CD0;
					};
				};
			};
			buildConfigurationList = 858BB32A1CADD30E00D81CD0 /* Build configuration list for PBXProject "Blocstagram" */;
			compatibilityVersion = "Xcode 3.2";
			developmentRegion = English;
			hasScannedForEncodings = 0;
			knownRegions = (
				en,
				Base,
			);
			mainGroup = 858BB3261CADD30E00D81CD0;
			productRefGroup = 858BB3301CADD30E00D81CD0 /* Products */;
			projectDirPath = "";
			projectRoot = "";
			targets = (
				858BB32E1CADD30E00D81CD0 /* Blocstagram */,
				858BB3471CADD30E00D81CD0 /* BlocstagramTests */,
				858BB3521CADD30E00D81CD0 /* BlocstagramUITests */,
			);
		};
/* End PBXProject section */

/* Begin PBXResourcesBuildPhase section */
		858BB32D1CADD30E00D81CD0 /* Resources */ = {
			isa = PBXResourcesBuildPhase;
			buildActionMask = 2147483647;
			files = (
				85AEEE861CEA92B10047145E /* 9.jpg in Resources */,
				85AEEE851CEA92B10047145E /* 8.jpg in Resources */,
				85AEEE811CEA92B10047145E /* 4.jpg in Resources */,
				85AEEE801CEA92B10047145E /* 3.jpg in Resources */,
				85AEEE831CEA92B10047145E /* 6.jpg in Resources */,
				85AEEE7E1CEA92B10047145E /* 1.jpg in Resources */,
				858BB33F1CADD30E00D81CD0 /* Assets.xcassets in Resources */,
				85AEEE821CEA92B10047145E /* 5.jpg in Resources */,
				85AEEE841CEA92B10047145E /* 7.jpg in Resources */,
				85AEEE7F1CEA92B10047145E /* 2.jpg in Resources */,
				85AEEE871CEA92B10047145E /* 10.jpg in Resources */,
				85AEEE4B1CE7D0360047145E /* LaunchScreen.storyboard in Resources */,
			);
			runOnlyForDeploymentPostprocessing = 0;
		};
		858BB3461CADD30E00D81CD0 /* Resources */ = {
			isa = PBXResourcesBuildPhase;
			buildActionMask = 2147483647;
			files = (
			);
			runOnlyForDeploymentPostprocessing = 0;
		};
		858BB3511CADD30E00D81CD0 /* Resources */ = {
			isa = PBXResourcesBuildPhase;
			buildActionMask = 2147483647;
			files = (
			);
			runOnlyForDeploymentPostprocessing = 0;
		};
/* End PBXResourcesBuildPhase section */

/* Begin PBXShellScriptBuildPhase section */
		8024587315F2EEBB835F204D /* 📦 Embed Pods Frameworks */ = {
			isa = PBXShellScriptBuildPhase;
			buildActionMask = 2147483647;
			files = (
			);
			inputPaths = (
			);
			name = "📦 Embed Pods Frameworks";
			outputPaths = (
			);
			runOnlyForDeploymentPostprocessing = 0;
			shellPath = /bin/sh;
			shellScript = "\"${SRCROOT}/Pods/Target Support Files/Pods-Blocstagram/Pods-Blocstagram-frameworks.sh\"\n";
			showEnvVarsInLog = 0;
		};
		970D268D303B5C9612D0A137 /* 📦 Check Pods Manifest.lock */ = {
			isa = PBXShellScriptBuildPhase;
			buildActionMask = 2147483647;
			files = (
			);
			inputPaths = (
			);
			name = "📦 Check Pods Manifest.lock";
			outputPaths = (
			);
			runOnlyForDeploymentPostprocessing = 0;
			shellPath = /bin/sh;
			shellScript = "diff \"${PODS_ROOT}/../Podfile.lock\" \"${PODS_ROOT}/Manifest.lock\" > /dev/null\nif [[ $? != 0 ]] ; then\n    cat << EOM\nerror: The sandbox is not in sync with the Podfile.lock. Run 'pod install' or update your CocoaPods installation.\nEOM\n    exit 1\nfi\n";
			showEnvVarsInLog = 0;
		};
		D9BB08123DEBAE4F5436B73F /* 📦 Copy Pods Resources */ = {
			isa = PBXShellScriptBuildPhase;
			buildActionMask = 2147483647;
			files = (
			);
			inputPaths = (
			);
			name = "📦 Copy Pods Resources";
			outputPaths = (
			);
			runOnlyForDeploymentPostprocessing = 0;
			shellPath = /bin/sh;
			shellScript = "\"${SRCROOT}/Pods/Target Support Files/Pods-Blocstagram/Pods-Blocstagram-resources.sh\"\n";
			showEnvVarsInLog = 0;
		};
/* End PBXShellScriptBuildPhase section */

/* Begin PBXSourcesBuildPhase section */
		858BB32B1CADD30E00D81CD0 /* Sources */ = {
			isa = PBXSourcesBuildPhase;
			buildActionMask = 2147483647;
			files = (
				858BB33A1CADD30E00D81CD0 /* ViewController.m in Sources */,
				858E6A771CF3EEB800248355 /* BLCMediaFullScreenViewController.m in Sources */,
				858BB3371CADD30E00D81CD0 /* AppDelegate.m in Sources */,
				85AEEE721CE9849F0047145E /* BLCMediaTableViewCell.m in Sources */,
				85AEEE691CE803910047145E /* BLCMedia.m in Sources */,
				858BB3341CADD30E00D81CD0 /* main.m in Sources */,
				858E6A7A1CF3F72700248355 /* BLCMediaFullScreenAnimator.m in Sources */,
				858BB37C1CADD49200D81CD0 /* BLCImagesTableViewController.m in Sources */,
				85AEEE661CE7D9960047145E /* BLCUser.m in Sources */,
				858E6A7D1CF4D21800248355 /* BLCShare.m in Sources */,
				85AEEE6F1CE805170047145E /* BLCDatasource.m in Sources */,
				85AEEE8A1CEBD0F10047145E /* BLCLoginViewController.m in Sources */,
				85AEEE6C1CE8049D0047145E /* BLCComment.m in Sources */,
			);
			runOnlyForDeploymentPostprocessing = 0;
		};
		858BB3441CADD30E00D81CD0 /* Sources */ = {
			isa = PBXSourcesBuildPhase;
			buildActionMask = 2147483647;
			files = (
				858BB34D1CADD30E00D81CD0 /* BlocstagramTests.m in Sources */,
			);
			runOnlyForDeploymentPostprocessing = 0;
		};
		858BB34F1CADD30E00D81CD0 /* Sources */ = {
			isa = PBXSourcesBuildPhase;
			buildActionMask = 2147483647;
			files = (
				858BB3581CADD30E00D81CD0 /* BlocstagramUITests.m in Sources */,
			);
			runOnlyForDeploymentPostprocessing = 0;
		};
/* End PBXSourcesBuildPhase section */

/* Begin PBXTargetDependency section */
		858BB34A1CADD30E00D81CD0 /* PBXTargetDependency */ = {
			isa = PBXTargetDependency;
			target = 858BB32E1CADD30E00D81CD0 /* Blocstagram */;
			targetProxy = 858BB3491CADD30E00D81CD0 /* PBXContainerItemProxy */;
		};
		858BB3551CADD30E00D81CD0 /* PBXTargetDependency */ = {
			isa = PBXTargetDependency;
			target = 858BB32E1CADD30E00D81CD0 /* Blocstagram */;
			targetProxy = 858BB3541CADD30E00D81CD0 /* PBXContainerItemProxy */;
		};
/* End PBXTargetDependency section */

/* Begin XCBuildConfiguration section */
		858BB35A1CADD30E00D81CD0 /* Debug */ = {
			isa = XCBuildConfiguration;
			buildSettings = {
				ALWAYS_SEARCH_USER_PATHS = NO;
				CLANG_ANALYZER_NONNULL = YES;
				CLANG_CXX_LANGUAGE_STANDARD = "gnu++0x";
				CLANG_CXX_LIBRARY = "libc++";
				CLANG_ENABLE_MODULES = YES;
				CLANG_ENABLE_OBJC_ARC = YES;
				CLANG_WARN_BOOL_CONVERSION = YES;
				CLANG_WARN_CONSTANT_CONVERSION = YES;
				CLANG_WARN_DIRECT_OBJC_ISA_USAGE = YES_ERROR;
				CLANG_WARN_EMPTY_BODY = YES;
				CLANG_WARN_ENUM_CONVERSION = YES;
				CLANG_WARN_INT_CONVERSION = YES;
				CLANG_WARN_OBJC_ROOT_CLASS = YES_ERROR;
				CLANG_WARN_UNREACHABLE_CODE = YES;
				CLANG_WARN__DUPLICATE_METHOD_MATCH = YES;
				"CODE_SIGN_IDENTITY[sdk=iphoneos*]" = "iPhone Developer";
				COPY_PHASE_STRIP = NO;
				DEBUG_INFORMATION_FORMAT = dwarf;
				ENABLE_STRICT_OBJC_MSGSEND = YES;
				ENABLE_TESTABILITY = YES;
				GCC_C_LANGUAGE_STANDARD = gnu99;
				GCC_DYNAMIC_NO_PIC = NO;
				GCC_NO_COMMON_BLOCKS = YES;
				GCC_OPTIMIZATION_LEVEL = 0;
				GCC_PREPROCESSOR_DEFINITIONS = (
					"DEBUG=1",
					"$(inherited)",
				);
				GCC_WARN_64_TO_32_BIT_CONVERSION = YES;
				GCC_WARN_ABOUT_RETURN_TYPE = YES_ERROR;
				GCC_WARN_UNDECLARED_SELECTOR = YES;
				GCC_WARN_UNINITIALIZED_AUTOS = YES_AGGRESSIVE;
				GCC_WARN_UNUSED_FUNCTION = YES;
				GCC_WARN_UNUSED_VARIABLE = YES;
				IPHONEOS_DEPLOYMENT_TARGET = 9.3;
				MTL_ENABLE_DEBUG_INFO = YES;
				ONLY_ACTIVE_ARCH = YES;
				SDKROOT = iphoneos;
				TARGETED_DEVICE_FAMILY = "1,2";
			};
			name = Debug;
		};
		858BB35B1CADD30E00D81CD0 /* Release */ = {
			isa = XCBuildConfiguration;
			buildSettings = {
				ALWAYS_SEARCH_USER_PATHS = NO;
				CLANG_ANALYZER_NONNULL = YES;
				CLANG_CXX_LANGUAGE_STANDARD = "gnu++0x";
				CLANG_CXX_LIBRARY = "libc++";
				CLANG_ENABLE_MODULES = YES;
				CLANG_ENABLE_OBJC_ARC = YES;
				CLANG_WARN_BOOL_CONVERSION = YES;
				CLANG_WARN_CONSTANT_CONVERSION = YES;
				CLANG_WARN_DIRECT_OBJC_ISA_USAGE = YES_ERROR;
				CLANG_WARN_EMPTY_BODY = YES;
				CLANG_WARN_ENUM_CONVERSION = YES;
				CLANG_WARN_INT_CONVERSION = YES;
				CLANG_WARN_OBJC_ROOT_CLASS = YES_ERROR;
				CLANG_WARN_UNREACHABLE_CODE = YES;
				CLANG_WARN__DUPLICATE_METHOD_MATCH = YES;
				"CODE_SIGN_IDENTITY[sdk=iphoneos*]" = "iPhone Developer";
				COPY_PHASE_STRIP = NO;
				DEBUG_INFORMATION_FORMAT = "dwarf-with-dsym";
				ENABLE_NS_ASSERTIONS = NO;
				ENABLE_STRICT_OBJC_MSGSEND = YES;
				GCC_C_LANGUAGE_STANDARD = gnu99;
				GCC_NO_COMMON_BLOCKS = YES;
				GCC_WARN_64_TO_32_BIT_CONVERSION = YES;
				GCC_WARN_ABOUT_RETURN_TYPE = YES_ERROR;
				GCC_WARN_UNDECLARED_SELECTOR = YES;
				GCC_WARN_UNINITIALIZED_AUTOS = YES_AGGRESSIVE;
				GCC_WARN_UNUSED_FUNCTION = YES;
				GCC_WARN_UNUSED_VARIABLE = YES;
				IPHONEOS_DEPLOYMENT_TARGET = 9.3;
				MTL_ENABLE_DEBUG_INFO = NO;
				SDKROOT = iphoneos;
				TARGETED_DEVICE_FAMILY = "1,2";
				VALIDATE_PRODUCT = YES;
			};
			name = Release;
		};
		858BB35D1CADD30E00D81CD0 /* Debug */ = {
			isa = XCBuildConfiguration;
			baseConfigurationReference = 8CF9BDC37EDBD8EB738E324D /* Pods-Blocstagram.debug.xcconfig */;
			buildSettings = {
				ASSETCATALOG_COMPILER_APPICON_NAME = AppIcon;
				INFOPLIST_FILE = Blocstagram/Info.plist;
				IPHONEOS_DEPLOYMENT_TARGET = 9.3;
				LD_RUNPATH_SEARCH_PATHS = "$(inherited) @executable_path/Frameworks";
				PRODUCT_BUNDLE_IDENTIFIER = com.howlford.Blocstagram;
				PRODUCT_NAME = "$(TARGET_NAME)";
			};
			name = Debug;
		};
		858BB35E1CADD30E00D81CD0 /* Release */ = {
			isa = XCBuildConfiguration;
			baseConfigurationReference = FE9496BC1A09030CC011F67D /* Pods-Blocstagram.release.xcconfig */;
			buildSettings = {
				ASSETCATALOG_COMPILER_APPICON_NAME = AppIcon;
				INFOPLIST_FILE = Blocstagram/Info.plist;
				IPHONEOS_DEPLOYMENT_TARGET = 9.3;
				LD_RUNPATH_SEARCH_PATHS = "$(inherited) @executable_path/Frameworks";
				PRODUCT_BUNDLE_IDENTIFIER = com.howlford.Blocstagram;
				PRODUCT_NAME = "$(TARGET_NAME)";
			};
			name = Release;
		};
		858BB3601CADD30E00D81CD0 /* Debug */ = {
			isa = XCBuildConfiguration;
			buildSettings = {
				BUNDLE_LOADER = "$(TEST_HOST)";
				INFOPLIST_FILE = BlocstagramTests/Info.plist;
				LD_RUNPATH_SEARCH_PATHS = "$(inherited) @executable_path/Frameworks @loader_path/Frameworks";
				PRODUCT_BUNDLE_IDENTIFIER = com.howlford.BlocstagramTests;
				PRODUCT_NAME = "$(TARGET_NAME)";
				TEST_HOST = "$(BUILT_PRODUCTS_DIR)/Blocstagram.app/Blocstagram";
			};
			name = Debug;
		};
		858BB3611CADD30E00D81CD0 /* Release */ = {
			isa = XCBuildConfiguration;
			buildSettings = {
				BUNDLE_LOADER = "$(TEST_HOST)";
				INFOPLIST_FILE = BlocstagramTests/Info.plist;
				LD_RUNPATH_SEARCH_PATHS = "$(inherited) @executable_path/Frameworks @loader_path/Frameworks";
				PRODUCT_BUNDLE_IDENTIFIER = com.howlford.BlocstagramTests;
				PRODUCT_NAME = "$(TARGET_NAME)";
				TEST_HOST = "$(BUILT_PRODUCTS_DIR)/Blocstagram.app/Blocstagram";
			};
			name = Release;
		};
		858BB3631CADD30E00D81CD0 /* Debug */ = {
			isa = XCBuildConfiguration;
			buildSettings = {
				INFOPLIST_FILE = BlocstagramUITests/Info.plist;
				LD_RUNPATH_SEARCH_PATHS = "$(inherited) @executable_path/Frameworks @loader_path/Frameworks";
				PRODUCT_BUNDLE_IDENTIFIER = com.howlford.BlocstagramUITests;
				PRODUCT_NAME = "$(TARGET_NAME)";
				TEST_TARGET_NAME = Blocstagram;
			};
			name = Debug;
		};
		858BB3641CADD30E00D81CD0 /* Release */ = {
			isa = XCBuildConfiguration;
			buildSettings = {
				INFOPLIST_FILE = BlocstagramUITests/Info.plist;
				LD_RUNPATH_SEARCH_PATHS = "$(inherited) @executable_path/Frameworks @loader_path/Frameworks";
				PRODUCT_BUNDLE_IDENTIFIER = com.howlford.BlocstagramUITests;
				PRODUCT_NAME = "$(TARGET_NAME)";
				TEST_TARGET_NAME = Blocstagram;
			};
			name = Release;
		};
/* End XCBuildConfiguration section */

/* Begin XCConfigurationList section */
		858BB32A1CADD30E00D81CD0 /* Build configuration list for PBXProject "Blocstagram" */ = {
			isa = XCConfigurationList;
			buildConfigurations = (
				858BB35A1CADD30E00D81CD0 /* Debug */,
				858BB35B1CADD30E00D81CD0 /* Release */,
			);
			defaultConfigurationIsVisible = 0;
			defaultConfigurationName = Release;
		};
		858BB35C1CADD30E00D81CD0 /* Build configuration list for PBXNativeTarget "Blocstagram" */ = {
			isa = XCConfigurationList;
			buildConfigurations = (
				858BB35D1CADD30E00D81CD0 /* Debug */,
				858BB35E1CADD30E00D81CD0 /* Release */,
			);
			defaultConfigurationIsVisible = 0;
			defaultConfigurationName = Release;
		};
		858BB35F1CADD30E00D81CD0 /* Build configuration list for PBXNativeTarget "BlocstagramTests" */ = {
			isa = XCConfigurationList;
			buildConfigurations = (
				858BB3601CADD30E00D81CD0 /* Debug */,
				858BB3611CADD30E00D81CD0 /* Release */,
			);
			defaultConfigurationIsVisible = 0;
			defaultConfigurationName = Release;
		};
		858BB3621CADD30E00D81CD0 /* Build configuration list for PBXNativeTarget "BlocstagramUITests" */ = {
			isa = XCConfigurationList;
			buildConfigurations = (
				858BB3631CADD30E00D81CD0 /* Debug */,
				858BB3641CADD30E00D81CD0 /* Release */,
			);
			defaultConfigurationIsVisible = 0;
			defaultConfigurationName = Release;
		};
/* End XCConfigurationList section */
	};
	rootObject = 858BB3271CADD30E00D81CD0 /* Project object */;
}
